
Microsoft Visual Studio Solution File, Format Version 12.00
# Visual Studio Version 16
VisualStudioVersion = 16.0.29306.81
MinimumVisualStudioVersion = 10.0.40219.1
Project("{FAE04EC0-301F-11D3-BF4B-00C04F79EFBC}") = "001_CreatingAnOpenTkWindow", "001_CreatingAnOpenTkWindow\001_CreatingAnOpenTkWindow.csproj", "{B9403F71-8F6D-4C63-A031-241F6EE39102}"
EndProject
Global
	GlobalSection(SolutionConfigurationPlatforms) = preSolution
		Debug|Any CPU = Debug|Any CPU
		Release|Any CPU = Release|Any CPU
	EndGlobalSection
	GlobalSection(ProjectConfigurationPlatforms) = postSolution
		{B9403F71-8F6D-4C63-A031-241F6EE39102}.Debug|Any CPU.ActiveCfg = Debug|Any CPU
		{B9403F71-8F6D-4C63-A031-241F6EE39102}.Debug|Any CPU.Build.0 = Debug|Any CPU
		{B9403F71-8F6D-4C63-A031-241F6EE39102}.Release|Any CPU.ActiveCfg = Release|Any CPU
		{B9403F71-8F6D-4C63-A031-241F6EE39102}.Release|Any CPU.Build.0 = Release|Any CPU
	EndGlobalSection
	GlobalSection(SolutionProperties) = preSolution
		HideSolutionNode = FALSE
	EndGlobalSection
	GlobalSection(ExtensibilityGlobals) = postSolution
		SolutionGuid = {6596887D-EECE-4400-B19F-BCB9EC84DAF5}
	EndGlobalSection
EndGlobal
